
Microsoft Visual Studio Solution File, Format Version 12.00
# Visual Studio Version 16
VisualStudioVersion = 16.0.29509.3
MinimumVisualStudioVersion = 10.0.40219.1
Project("{FAE04EC0-301F-11D3-BF4B-00C04F79EFBC}") = "Payments", "Payments\Payments.csproj", "{A724A3DC-7AE9-4903-BF1B-146CBC712014}"
EndProject
Global
	GlobalSection(SolutionConfigurationPlatforms) = preSolution
		Debug|Any CPU = Debug|Any CPU
		Release|Any CPU = Release|Any CPU
	EndGlobalSection
	GlobalSection(ProjectConfigurationPlatforms) = postSolution
		{A724A3DC-7AE9-4903-BF1B-146CBC712014}.Debug|Any CPU.ActiveCfg = Debug|Any CPU
		{A724A3DC-7AE9-4903-BF1B-146CBC712014}.Debug|Any CPU.Build.0 = Debug|Any CPU
		{A724A3DC-7AE9-4903-BF1B-146CBC712014}.Release|Any CPU.ActiveCfg = Release|Any CPU
		{A724A3DC-7AE9-4903-BF1B-146CBC712014}.Release|Any CPU.Build.0 = Release|Any CPU
	EndGlobalSection
	GlobalSection(SolutionProperties) = preSolution
		HideSolutionNode = FALSE
	EndGlobalSection
	GlobalSection(ExtensibilityGlobals) = postSolution
		SolutionGuid = {777EC564-757A-4763-8439-98DAD9C9D395}
	EndGlobalSection
EndGlobal
